
Microsoft Visual Studio Solution File, Format Version 12.00
# Visual Studio Version 17
VisualStudioVersion = 17.14.36429.23 d17.14
MinimumVisualStudioVersion = 10.0.40219.1
Project("{FAE04EC0-301F-11D3-BF4B-00C04F79EFBC}") = "MiPrimerServicio", "EjercicioPractica\MiPrimerServicio.csproj", "{B09BB761-FCF4-487F-970C-F0937423C90B}"
EndProject
Global
	GlobalSection(SolutionConfigurationPlatforms) = preSolution
		Debug|Any CPU = Debug|Any CPU
		Release|Any CPU = Release|Any CPU
	EndGlobalSection
	GlobalSection(ProjectConfigurationPlatforms) = postSolution
		{B09BB761-FCF4-487F-970C-F0937423C90B}.Debug|Any CPU.ActiveCfg = Debug|Any CPU
		{B09BB761-FCF4-487F-970C-F0937423C90B}.Debug|Any CPU.Build.0 = Debug|Any CPU
		{B09BB761-FCF4-487F-970C-F0937423C90B}.Release|Any CPU.ActiveCfg = Release|Any CPU
		{B09BB761-FCF4-487F-970C-F0937423C90B}.Release|Any CPU.Build.0 = Release|Any CPU
	EndGlobalSection
	GlobalSection(SolutionProperties) = preSolution
		HideSolutionNode = FALSE
	EndGlobalSection
	GlobalSection(ExtensibilityGlobals) = postSolution
		SolutionGuid = {019680A4-5596-4C72-868A-6370A6FB8A5E}
	EndGlobalSection
EndGlobal
